// !$*UTF8*$!
{
	archiveVersion = 1;
	classes = {
	};
	objectVersion = 46;
	objects = {

/* Begin PBXBuildFile section */
		13064E541BC90387005736D8 /* AppDelegate.swift in Sources */ = {isa = PBXBuildFile; fileRef = 13064E531BC90387005736D8 /* AppDelegate.swift */; };
		13064E561BC90387005736D8 /* ViewController.swift in Sources */ = {isa = PBXBuildFile; fileRef = 13064E551BC90387005736D8 /* ViewController.swift */; };
		13064E591BC90387005736D8 /* Main.storyboard in Resources */ = {isa = PBXBuildFile; fileRef = 13064E571BC90387005736D8 /* Main.storyboard */; };
		13064E5B1BC90387005736D8 /* Assets.xcassets in Resources */ = {isa = PBXBuildFile; fileRef = 13064E5A1BC90387005736D8 /* Assets.xcassets */; };
		13064E5E1BC90387005736D8 /* LaunchScreen.storyboard in Resources */ = {isa = PBXBuildFile; fileRef = 13064E5C1BC90387005736D8 /* LaunchScreen.storyboard */; };
		13064E691BC90387005736D8 /* kontador_sdkTests.swift in Sources */ = {isa = PBXBuildFile; fileRef = 13064E681BC90387005736D8 /* kontador_sdkTests.swift */; };
		13064E741BC90387005736D8 /* kontador_sdkUITests.swift in Sources */ = {isa = PBXBuildFile; fileRef = 13064E731BC90387005736D8 /* kontador_sdkUITests.swift */; };
/* End PBXBuildFile section */

/* Begin PBXContainerItemProxy section */
		13064E651BC90387005736D8 /* PBXContainerItemProxy */ = {
			isa = PBXContainerItemProxy;
			containerPortal = 13064E481BC90387005736D8 /* Project object */;
			proxyType = 1;
			remoteGlobalIDString = 13064E4F1BC90387005736D8;
			remoteInfo = "kontador-sdk";
		};
		13064E701BC90387005736D8 /* PBXContainerItemProxy */ = {
			isa = PBXContainerItemProxy;
			containerPortal = 13064E481BC90387005736D8 /* Project object */;
			proxyType = 1;
			remoteGlobalIDString = 13064E4F1BC90387005736D8;
			remoteInfo = "kontador-sdk";
		};
/* End PBXContainerItemProxy section */

/* Begin PBXFileReference section */
		13064E501BC90387005736D8 /* kontador-sdk.app */ = {isa = PBXFileReference; explicitFileType = wrapper.application; includeInIndex = 0; path = "kontador-sdk.app"; sourceTree = BUILT_PRODUCTS_DIR; };
		13064E531BC90387005736D8 /* AppDelegate.swift */ = {isa = PBXFileReference; lastKnownFileType = sourcecode.swift; path = AppDelegate.swift; sourceTree = "<group>"; };
		13064E551BC90387005736D8 /* ViewController.swift */ = {isa = PBXFileReference; lastKnownFileType = sourcecode.swift; path = ViewController.swift; sourceTree = "<group>"; };
		13064E581BC90387005736D8 /* Base */ = {isa = PBXFileReference; lastKnownFileType = file.storyboard; name = Base; path = Base.lproj/Main.storyboard; sourceTree = "<group>"; };
		13064E5A1BC90387005736D8 /* Assets.xcassets */ = {isa = PBXFileReference; lastKnownFileType = folder.assetcatalog; path = Assets.xcassets; sourceTree = "<group>"; };
		13064E5D1BC90387005736D8 /* Base */ = {isa = PBXFileReference; lastKnownFileType = file.storyboard; name = Base; path = Base.lproj/LaunchScreen.storyboard; sourceTree = "<group>"; };
		13064E5F1BC90387005736D8 /* Info.plist */ = {isa = PBXFileReference; lastKnownFileType = text.plist.xml; path = Info.plist; sourceTree = "<group>"; };
		13064E641BC90387005736D8 /* kontador-sdkTests.xctest */ = {isa = PBXFileReference; explicitFileType = wrapper.cfbundle; includeInIndex = 0; path = "kontador-sdkTests.xctest"; sourceTree = BUILT_PRODUCTS_DIR; };
		13064E681BC90387005736D8 /* kontador_sdkTests.swift */ = {isa = PBXFileReference; lastKnownFileType = sourcecode.swift; path = kontador_sdkTests.swift; sourceTree = "<group>"; };
		13064E6A1BC90387005736D8 /* Info.plist */ = {isa = PBXFileReference; lastKnownFileType = text.plist.xml; path = Info.plist; sourceTree = "<group>"; };
		13064E6F1BC90387005736D8 /* kontador-sdkUITests.xctest */ = {isa = PBXFileReference; explicitFileType = wrapper.cfbundle; includeInIndex = 0; path = "kontador-sdkUITests.xctest"; sourceTree = BUILT_PRODUCTS_DIR; };
		13064E731BC90387005736D8 /* kontador_sdkUITests.swift */ = {isa = PBXFileReference; lastKnownFileType = sourcecode.swift; path = kontador_sdkUITests.swift; sourceTree = "<group>"; };
		13064E751BC90387005736D8 /* Info.plist */ = {isa = PBXFileReference; lastKnownFileType = text.plist.xml; path = Info.plist; sourceTree = "<group>"; };
/* End PBXFileReference section */

/* Begin PBXFrameworksBuildPhase section */
		13064E4D1BC90387005736D8 /* Frameworks */ = {
			isa = PBXFrameworksBuildPhase;
			buildActionMask = 2147483647;
			files = (
			);
			runOnlyForDeploymentPostprocessing = 0;
		};
		13064E611BC90387005736D8 /* Frameworks */ = {
			isa = PBXFrameworksBuildPhase;
			buildActionMask = 2147483647;
			files = (
			);
			runOnlyForDeploymentPostprocessing = 0;
		};
		13064E6C1BC90387005736D8 /* Frameworks */ = {
			isa = PBXFrameworksBuildPhase;
			buildActionMask = 2147483647;
			files = (
			);
			runOnlyForDeploymentPostprocessing = 0;
		};
/* End PBXFrameworksBuildPhase section */

/* Begin PBXGroup section */
		13064E471BC90387005736D8 = {
			isa = PBXGroup;
			children = (
				13064E521BC90387005736D8 /* kontador-sdk */,
				13064E671BC90387005736D8 /* kontador-sdkTests */,
				13064E721BC90387005736D8 /* kontador-sdkUITests */,
				13064E511BC90387005736D8 /* Products */,
			);
			sourceTree = "<group>";
		};
		13064E511BC90387005736D8 /* Products */ = {
			isa = PBXGroup;
			children = (
				13064E501BC90387005736D8 /* kontador-sdk.app */,
				13064E641BC90387005736D8 /* kontador-sdkTests.xctest */,
				13064E6F1BC90387005736D8 /* kontador-sdkUITests.xctest */,
			);
			name = Products;
			sourceTree = "<group>";
		};
		13064E521BC90387005736D8 /* kontador-sdk */ = {
			isa = PBXGroup;
			children = (
				13064E531BC90387005736D8 /* AppDelegate.swift */,
				13064E551BC90387005736D8 /* ViewController.swift */,
				13064E571BC90387005736D8 /* Main.storyboard */,
				13064E5A1BC90387005736D8 /* Assets.xcassets */,
				13064E5C1BC90387005736D8 /* LaunchScreen.storyboard */,
				13064E5F1BC90387005736D8 /* Info.plist */,
			);
			path = "kontador-sdk";
			sourceTree = "<group>";
		};
		13064E671BC90387005736D8 /* kontador-sdkTests */ = {
			isa = PBXGroup;
			children = (
				13064E681BC90387005736D8 /* kontador_sdkTests.swift */,
				13064E6A1BC90387005736D8 /* Info.plist */,
			);
			path = "kontador-sdkTests";
			sourceTree = "<group>";
		};
		13064E721BC90387005736D8 /* kontador-sdkUITests */ = {
			isa = PBXGroup;
			children = (
				13064E731BC90387005736D8 /* kontador_sdkUITests.swift */,
				13064E751BC90387005736D8 /* Info.plist */,
			);
			path = "kontador-sdkUITests";
			sourceTree = "<group>";
		};
/* End PBXGroup section */

/* Begin PBXNativeTarget section */
		13064E4F1BC90387005736D8 /* kontador-sdk */ = {
			isa = PBXNativeTarget;
			buildConfigurationList = 13064E781BC90387005736D8 /* Build configuration list for PBXNativeTarget "kontador-sdk" */;
			buildPhases = (
				13064E4C1BC90387005736D8 /* Sources */,
				13064E4D1BC90387005736D8 /* Frameworks */,
				13064E4E1BC90387005736D8 /* Resources */,
			);
			buildRules = (
			);
			dependencies = (
			);
			name = "kontador-sdk";
			productName = "kontador-sdk";
			productReference = 13064E501BC90387005736D8 /* kontador-sdk.app */;
			productType = "com.apple.product-type.application";
		};
		13064E631BC90387005736D8 /* kontador-sdkTests */ = {
			isa = PBXNativeTarget;
			buildConfigurationList = 13064E7B1BC90387005736D8 /* Build configuration list for PBXNativeTarget "kontador-sdkTests" */;
			buildPhases = (
				13064E601BC90387005736D8 /* Sources */,
				13064E611BC90387005736D8 /* Frameworks */,
				13064E621BC90387005736D8 /* Resources */,
			);
			buildRules = (
			);
			dependencies = (
				13064E661BC90387005736D8 /* PBXTargetDependency */,
			);
			name = "kontador-sdkTests";
			productName = "kontador-sdkTests";
			productReference = 13064E641BC90387005736D8 /* kontador-sdkTests.xctest */;
			productType = "com.apple.product-type.bundle.unit-test";
		};
		13064E6E1BC90387005736D8 /* kontador-sdkUITests */ = {
			isa = PBXNativeTarget;
			buildConfigurationList = 13064E7E1BC90387005736D8 /* Build configuration list for PBXNativeTarget "kontador-sdkUITests" */;
			buildPhases = (
				13064E6B1BC90387005736D8 /* Sources */,
				13064E6C1BC90387005736D8 /* Frameworks */,
				13064E6D1BC90387005736D8 /* Resources */,
			);
			buildRules = (
			);
			dependencies = (
				13064E711BC90387005736D8 /* PBXTargetDependency */,
			);
			name = "kontador-sdkUITests";
			productName = "kontador-sdkUITests";
			productReference = 13064E6F1BC90387005736D8 /* kontador-sdkUITests.xctest */;
			productType = "com.apple.product-type.bundle.ui-testing";
		};
/* End PBXNativeTarget section */

/* Begin PBXProject section */
		13064E481BC90387005736D8 /* Project object */ = {
			isa = PBXProject;
			attributes = {
				LastUpgradeCheck = 0700;
				ORGANIZATIONNAME = "Филипп";
				TargetAttributes = {
					13064E4F1BC90387005736D8 = {
						CreatedOnToolsVersion = 7.0.1;
					};
					13064E631BC90387005736D8 = {
						CreatedOnToolsVersion = 7.0.1;
						TestTargetID = 13064E4F1BC90387005736D8;
					};
					13064E6E1BC90387005736D8 = {
						CreatedOnToolsVersion = 7.0.1;
						TestTargetID = 13064E4F1BC90387005736D8;
					};
				};
			};
			buildConfigurationList = 13064E4B1BC90387005736D8 /* Build configuration list for PBXProject "kontador-sdk" */;
			compatibilityVersion = "Xcode 3.2";
			developmentRegion = English;
			hasScannedForEncodings = 0;
			knownRegions = (
				en,
				Base,
			);
			mainGroup = 13064E471BC90387005736D8;
			productRefGroup = 13064E511BC90387005736D8 /* Products */;
			projectDirPath = "";
			projectRoot = "";
			targets = (
				13064E4F1BC90387005736D8 /* kontador-sdk */,
				13064E631BC90387005736D8 /* kontador-sdkTests */,
				13064E6E1BC90387005736D8 /* kontador-sdkUITests */,
			);
		};
/* End PBXProject section */

/* Begin PBXResourcesBuildPhase section */
		13064E4E1BC90387005736D8 /* Resources */ = {
			isa = PBXResourcesBuildPhase;
			buildActionMask = 2147483647;
			files = (
				13064E5E1BC90387005736D8 /* LaunchScreen.storyboard in Resources */,
				13064E5B1BC90387005736D8 /* Assets.xcassets in Resources */,
				13064E591BC90387005736D8 /* Main.storyboard in Resources */,
			);
			runOnlyForDeploymentPostprocessing = 0;
		};
		13064E621BC90387005736D8 /* Resources */ = {
			isa = PBXResourcesBuildPhase;
			buildActionMask = 2147483647;
			files = (
			);
			runOnlyForDeploymentPostprocessing = 0;
		};
		13064E6D1BC90387005736D8 /* Resources */ = {
			isa = PBXResourcesBuildPhase;
			buildActionMask = 2147483647;
			files = (
			);
			runOnlyForDeploymentPostprocessing = 0;
		};
/* End PBXResourcesBuildPhase section */

/* Begin PBXSourcesBuildPhase section */
		13064E4C1BC90387005736D8 /* Sources */ = {
			isa = PBXSourcesBuildPhase;
			buildActionMask = 2147483647;
			files = (
				13064E561BC90387005736D8 /* ViewController.swift in Sources */,
				13064E541BC90387005736D8 /* AppDelegate.swift in Sources */,
			);
			runOnlyForDeploymentPostprocessing = 0;
		};
		13064E601BC90387005736D8 /* Sources */ = {
			isa = PBXSourcesBuildPhase;
			buildActionMask = 2147483647;
			files = (
				13064E691BC90387005736D8 /* kontador_sdkTests.swift in Sources */,
			);
			runOnlyForDeploymentPostprocessing = 0;
		};
		13064E6B1BC90387005736D8 /* Sources */ = {
			isa = PBXSourcesBuildPhase;
			buildActionMask = 2147483647;
			files = (
				13064E741BC90387005736D8 /* kontador_sdkUITests.swift in Sources */,
			);
			runOnlyForDeploymentPostprocessing = 0;
		};
/* End PBXSourcesBuildPhase section */

/* Begin PBXTargetDependency section */
		13064E661BC90387005736D8 /* PBXTargetDependency */ = {
			isa = PBXTargetDependency;
			target = 13064E4F1BC90387005736D8 /* kontador-sdk */;
			targetProxy = 13064E651BC90387005736D8 /* PBXContainerItemProxy */;
		};
		13064E711BC90387005736D8 /* PBXTargetDependency */ = {
			isa = PBXTargetDependency;
			target = 13064E4F1BC90387005736D8 /* kontador-sdk */;
			targetProxy = 13064E701BC90387005736D8 /* PBXContainerItemProxy */;
		};
/* End PBXTargetDependency section */

/* Begin PBXVariantGroup section */
		13064E571BC90387005736D8 /* Main.storyboard */ = {
			isa = PBXVariantGroup;
			children = (
				13064E581BC90387005736D8 /* Base */,
			);
			name = Main.storyboard;
			sourceTree = "<group>";
		};
		13064E5C1BC90387005736D8 /* LaunchScreen.storyboard */ = {
			isa = PBXVariantGroup;
			children = (
				13064E5D1BC90387005736D8 /* Base */,
			);
			name = LaunchScreen.storyboard;
			sourceTree = "<group>";
		};
/* End PBXVariantGroup section */

/* Begin XCBuildConfiguration section */
		13064E761BC90387005736D8 /* Debug */ = {
			isa = XCBuildConfiguration;
			buildSettings = {
				ALWAYS_SEARCH_USER_PATHS = NO;
				CLANG_CXX_LANGUAGE_STANDARD = "gnu++0x";
				CLANG_CXX_LIBRARY = "libc++";
				CLANG_ENABLE_MODULES = YES;
				CLANG_ENABLE_OBJC_ARC = YES;
				CLANG_WARN_BOOL_CONVERSION = YES;
				CLANG_WARN_CONSTANT_CONVERSION = YES;
				CLANG_WARN_DIRECT_OBJC_ISA_USAGE = YES_ERROR;
				CLANG_WARN_EMPTY_BODY = YES;
				CLANG_WARN_ENUM_CONVERSION = YES;
				CLANG_WARN_INT_CONVERSION = YES;
				CLANG_WARN_OBJC_ROOT_CLASS = YES_ERROR;
				CLANG_WARN_UNREACHABLE_CODE = YES;
				CLANG_WARN__DUPLICATE_METHOD_MATCH = YES;
				"CODE_SIGN_IDENTITY[sdk=iphoneos*]" = "iPhone Developer";
				COPY_PHASE_STRIP = NO;
				DEBUG_INFORMATION_FORMAT = dwarf;
				ENABLE_STRICT_OBJC_MSGSEND = YES;
				ENABLE_TESTABILITY = YES;
				GCC_C_LANGUAGE_STANDARD = gnu99;
				GCC_DYNAMIC_NO_PIC = NO;
				GCC_NO_COMMON_BLOCKS = YES;
				GCC_OPTIMIZATION_LEVEL = 0;
				GCC_PREPROCESSOR_DEFINITIONS = (
					"DEBUG=1",
					"$(inherited)",
				);
				GCC_WARN_64_TO_32_BIT_CONVERSION = YES;
				GCC_WARN_ABOUT_RETURN_TYPE = YES_ERROR;
				GCC_WARN_UNDECLARED_SELECTOR = YES;
				GCC_WARN_UNINITIALIZED_AUTOS = YES_AGGRESSIVE;
				GCC_WARN_UNUSED_FUNCTION = YES;
				GCC_WARN_UNUSED_VARIABLE = YES;
				IPHONEOS_DEPLOYMENT_TARGET = 9.0;
				MTL_ENABLE_DEBUG_INFO = YES;
				ONLY_ACTIVE_ARCH = YES;
				SDKROOT = iphoneos;
				SWIFT_OPTIMIZATION_LEVEL = "-Onone";
			};
			name = Debug;
		};
		13064E771BC90387005736D8 /* Release */ = {
			isa = XCBuildConfiguration;
			buildSettings = {
				ALWAYS_SEARCH_USER_PATHS = NO;
				CLANG_CXX_LANGUAGE_STANDARD = "gnu++0x";
				CLANG_CXX_LIBRARY = "libc++";
				CLANG_ENABLE_MODULES = YES;
				CLANG_ENABLE_OBJC_ARC = YES;
				CLANG_WARN_BOOL_CONVERSION = YES;
				CLANG_WARN_CONSTANT_CONVERSION = YES;
				CLANG_WARN_DIRECT_OBJC_ISA_USAGE = YES_ERROR;
				CLANG_WARN_EMPTY_BODY = YES;
				CLANG_WARN_ENUM_CONVERSION = YES;
				CLANG_WARN_INT_CONVERSION = YES;
				CLANG_WARN_OBJC_ROOT_CLASS = YES_ERROR;
				CLANG_WARN_UNREACHABLE_CODE = YES;
				CLANG_WARN__DUPLICATE_METHOD_MATCH = YES;
				"CODE_SIGN_IDENTITY[sdk=iphoneos*]" = "iPhone Developer";
				COPY_PHASE_STRIP = NO;
				DEBUG_INFORMATION_FORMAT = "dwarf-with-dsym";
				ENABLE_NS_ASSERTIONS = NO;
				ENABLE_STRICT_OBJC_MSGSEND = YES;
				GCC_C_LANGUAGE_STANDARD = gnu99;
				GCC_NO_COMMON_BLOCKS = YES;
				GCC_WARN_64_TO_32_BIT_CONVERSION = YES;
				GCC_WARN_ABOUT_RETURN_TYPE = YES_ERROR;
				GCC_WARN_UNDECLARED_SELECTOR = YES;
				GCC_WARN_UNINITIALIZED_AUTOS = YES_AGGRESSIVE;
				GCC_WARN_UNUSED_FUNCTION = YES;
				GCC_WARN_UNUSED_VARIABLE = YES;
				IPHONEOS_DEPLOYMENT_TARGET = 9.0;
				MTL_ENABLE_DEBUG_INFO = NO;
				SDKROOT = iphoneos;
				VALIDATE_PRODUCT = YES;
			};
			name = Release;
		};
		13064E791BC90387005736D8 /* Debug */ = {
			isa = XCBuildConfiguration;
			buildSettings = {
				ASSETCATALOG_COMPILER_APPICON_NAME = AppIcon;
				INFOPLIST_FILE = "kontador-sdk/Info.plist";
				LD_RUNPATH_SEARCH_PATHS = "$(inherited) @executable_path/Frameworks";
				PRODUCT_BUNDLE_IDENTIFIER = "phil.kontador-sdk";
				PRODUCT_NAME = "$(TARGET_NAME)";
			};
			name = Debug;
		};
		13064E7A1BC90387005736D8 /* Release */ = {
			isa = XCBuildConfiguration;
			buildSettings = {
				ASSETCATALOG_COMPILER_APPICON_NAME = AppIcon;
				INFOPLIST_FILE = "kontador-sdk/Info.plist";
				LD_RUNPATH_SEARCH_PATHS = "$(inherited) @executable_path/Frameworks";
				PRODUCT_BUNDLE_IDENTIFIER = "phil.kontador-sdk";
				PRODUCT_NAME = "$(TARGET_NAME)";
			};
			name = Release;
		};
		13064E7C1BC90387005736D8 /* Debug */ = {
			isa = XCBuildConfiguration;
			buildSettings = {
				BUNDLE_LOADER = "$(TEST_HOST)";
				INFOPLIST_FILE = "kontador-sdkTests/Info.plist";
				LD_RUNPATH_SEARCH_PATHS = "$(inherited) @executable_path/Frameworks @loader_path/Frameworks";
				PRODUCT_BUNDLE_IDENTIFIER = "phil.kontador-sdkTests";
				PRODUCT_NAME = "$(TARGET_NAME)";
				TEST_HOST = "$(BUILT_PRODUCTS_DIR)/kontador-sdk.app/kontador-sdk";
			};
			name = Debug;
		};
		13064E7D1BC90387005736D8 /* Release */ = {
			isa = XCBuildConfiguration;
			buildSettings = {
				BUNDLE_LOADER = "$(TEST_HOST)";
				INFOPLIST_FILE = "kontador-sdkTests/Info.plist";
				LD_RUNPATH_SEARCH_PATHS = "$(inherited) @executable_path/Frameworks @loader_path/Frameworks";
				PRODUCT_BUNDLE_IDENTIFIER = "phil.kontador-sdkTests";
				PRODUCT_NAME = "$(TARGET_NAME)";
				TEST_HOST = "$(BUILT_PRODUCTS_DIR)/kontador-sdk.app/kontador-sdk";
			};
			name = Release;
		};
		13064E7F1BC90387005736D8 /* Debug */ = {
			isa = XCBuildConfiguration;
			buildSettings = {
				INFOPLIST_FILE = "kontador-sdkUITests/Info.plist";
				LD_RUNPATH_SEARCH_PATHS = "$(inherited) @executable_path/Frameworks @loader_path/Frameworks";
				PRODUCT_BUNDLE_IDENTIFIER = "phil.kontador-sdkUITests";
				PRODUCT_NAME = "$(TARGET_NAME)";
				TEST_TARGET_NAME = "kontador-sdk";
				USES_XCTRUNNER = YES;
			};
			name = Debug;
		};
		13064E801BC90387005736D8 /* Release */ = {
			isa = XCBuildConfiguration;
			buildSettings = {
				INFOPLIST_FILE = "kontador-sdkUITests/Info.plist";
				LD_RUNPATH_SEARCH_PATHS = "$(inherited) @executable_path/Frameworks @loader_path/Frameworks";
				PRODUCT_BUNDLE_IDENTIFIER = "phil.kontador-sdkUITests";
				PRODUCT_NAME = "$(TARGET_NAME)";
				TEST_TARGET_NAME = "kontador-sdk";
				USES_XCTRUNNER = YES;
			};
			name = Release;
		};
/* End XCBuildConfiguration section */

/* Begin XCConfigurationList section */
		13064E4B1BC90387005736D8 /* Build configuration list for PBXProject "kontador-sdk" */ = {
			isa = XCConfigurationList;
			buildConfigurations = (
				13064E761BC90387005736D8 /* Debug */,
				13064E771BC90387005736D8 /* Release */,
			);
			defaultConfigurationIsVisible = 0;
			defaultConfigurationName = Release;
		};
		13064E781BC90387005736D8 /* Build configuration list for PBXNativeTarget "kontador-sdk" */ = {
			isa = XCConfigurationList;
			buildConfigurations = (
				13064E791BC90387005736D8 /* Debug */,
				13064E7A1BC90387005736D8 /* Release */,
			);
			defaultConfigurationIsVisible = 0;
		};
		13064E7B1BC90387005736D8 /* Build configuration list for PBXNativeTarget "kontador-sdkTests" */ = {
			isa = XCConfigurationList;
			buildConfigurations = (
				13064E7C1BC90387005736D8 /* Debug */,
				13064E7D1BC90387005736D8 /* Release */,
			);
			defaultConfigurationIsVisible = 0;
		};
		13064E7E1BC90387005736D8 /* Build configuration list for PBXNativeTarget "kontador-sdkUITests" */ = {
			isa = XCConfigurationList;
			buildConfigurations = (
				13064E7F1BC90387005736D8 /* Debug */,
				13064E801BC90387005736D8 /* Release */,
			);
			defaultConfigurationIsVisible = 0;
		};
/* End XCConfigurationList section */
	};
	rootObject = 13064E481BC90387005736D8 /* Project object */;
}
